
Microsoft Visual Studio Solution File, Format Version 12.00
# Visual Studio Version 16
VisualStudioVersion = 16.0.30413.136
MinimumVisualStudioVersion = 10.0.40219.1
Project("{FAE04EC0-301F-11D3-BF4B-00C04F79EFBC}") = "q1", "q1\q1.csproj", "{A1C05FBF-B7F5-49EB-B771-E74C33210262}"
EndProject
Global
	GlobalSection(SolutionConfigurationPlatforms) = preSolution
		Debug|Any CPU = Debug|Any CPU
		Release|Any CPU = Release|Any CPU
	EndGlobalSection
	GlobalSection(ProjectConfigurationPlatforms) = postSolution
		{A1C05FBF-B7F5-49EB-B771-E74C33210262}.Debug|Any CPU.ActiveCfg = Debug|Any CPU
		{A1C05FBF-B7F5-49EB-B771-E74C33210262}.Debug|Any CPU.Build.0 = Debug|Any CPU
		{A1C05FBF-B7F5-49EB-B771-E74C33210262}.Release|Any CPU.ActiveCfg = Release|Any CPU
		{A1C05FBF-B7F5-49EB-B771-E74C33210262}.Release|Any CPU.Build.0 = Release|Any CPU
	EndGlobalSection
	GlobalSection(SolutionProperties) = preSolution
		HideSolutionNode = FALSE
	EndGlobalSection
	GlobalSection(ExtensibilityGlobals) = postSolution
		SolutionGuid = {5744228A-6319-4E2E-90DE-23D695CBDFD7}
	EndGlobalSection
EndGlobal
