
Microsoft Visual Studio Solution File, Format Version 12.00
# Visual Studio Version 16
VisualStudioVersion = 16.0.30413.136
MinimumVisualStudioVersion = 10.0.40219.1
Project("{FAE04EC0-301F-11D3-BF4B-00C04F79EFBC}") = "q8", "q8\q8.csproj", "{29F9B18D-9660-43AB-B7AA-841FF7016401}"
EndProject
Global
	GlobalSection(SolutionConfigurationPlatforms) = preSolution
		Debug|Any CPU = Debug|Any CPU
		Release|Any CPU = Release|Any CPU
	EndGlobalSection
	GlobalSection(ProjectConfigurationPlatforms) = postSolution
		{29F9B18D-9660-43AB-B7AA-841FF7016401}.Debug|Any CPU.ActiveCfg = Debug|Any CPU
		{29F9B18D-9660-43AB-B7AA-841FF7016401}.Debug|Any CPU.Build.0 = Debug|Any CPU
		{29F9B18D-9660-43AB-B7AA-841FF7016401}.Release|Any CPU.ActiveCfg = Release|Any CPU
		{29F9B18D-9660-43AB-B7AA-841FF7016401}.Release|Any CPU.Build.0 = Release|Any CPU
	EndGlobalSection
	GlobalSection(SolutionProperties) = preSolution
		HideSolutionNode = FALSE
	EndGlobalSection
	GlobalSection(ExtensibilityGlobals) = postSolution
		SolutionGuid = {C4A6CB95-ABF8-4715-9356-E0FE9F462204}
	EndGlobalSection
EndGlobal
