
Microsoft Visual Studio Solution File, Format Version 12.00
# Visual Studio Version 16
VisualStudioVersion = 16.0.30413.136
MinimumVisualStudioVersion = 10.0.40219.1
Project("{FAE04EC0-301F-11D3-BF4B-00C04F79EFBC}") = "q5", "q5\q5.csproj", "{79C58669-315E-4441-9BE7-23AA15ED3FE6}"
EndProject
Global
	GlobalSection(SolutionConfigurationPlatforms) = preSolution
		Debug|Any CPU = Debug|Any CPU
		Release|Any CPU = Release|Any CPU
	EndGlobalSection
	GlobalSection(ProjectConfigurationPlatforms) = postSolution
		{79C58669-315E-4441-9BE7-23AA15ED3FE6}.Debug|Any CPU.ActiveCfg = Debug|Any CPU
		{79C58669-315E-4441-9BE7-23AA15ED3FE6}.Debug|Any CPU.Build.0 = Debug|Any CPU
		{79C58669-315E-4441-9BE7-23AA15ED3FE6}.Release|Any CPU.ActiveCfg = Release|Any CPU
		{79C58669-315E-4441-9BE7-23AA15ED3FE6}.Release|Any CPU.Build.0 = Release|Any CPU
	EndGlobalSection
	GlobalSection(SolutionProperties) = preSolution
		HideSolutionNode = FALSE
	EndGlobalSection
	GlobalSection(ExtensibilityGlobals) = postSolution
		SolutionGuid = {4B20F1E5-E4A0-48BC-AD1A-73B02879BD8F}
	EndGlobalSection
EndGlobal
