
Microsoft Visual Studio Solution File, Format Version 12.00
# Visual Studio Version 16
VisualStudioVersion = 16.0.30413.136
MinimumVisualStudioVersion = 10.0.40219.1
Project("{FAE04EC0-301F-11D3-BF4B-00C04F79EFBC}") = "q9", "q9\q9.csproj", "{D4673D93-1337-4233-A021-45BA6C19E37B}"
EndProject
Global
	GlobalSection(SolutionConfigurationPlatforms) = preSolution
		Debug|Any CPU = Debug|Any CPU
		Release|Any CPU = Release|Any CPU
	EndGlobalSection
	GlobalSection(ProjectConfigurationPlatforms) = postSolution
		{D4673D93-1337-4233-A021-45BA6C19E37B}.Debug|Any CPU.ActiveCfg = Debug|Any CPU
		{D4673D93-1337-4233-A021-45BA6C19E37B}.Debug|Any CPU.Build.0 = Debug|Any CPU
		{D4673D93-1337-4233-A021-45BA6C19E37B}.Release|Any CPU.ActiveCfg = Release|Any CPU
		{D4673D93-1337-4233-A021-45BA6C19E37B}.Release|Any CPU.Build.0 = Release|Any CPU
	EndGlobalSection
	GlobalSection(SolutionProperties) = preSolution
		HideSolutionNode = FALSE
	EndGlobalSection
	GlobalSection(ExtensibilityGlobals) = postSolution
		SolutionGuid = {2199F472-8AFE-4130-88CA-32603AE0D95A}
	EndGlobalSection
EndGlobal
