
Microsoft Visual Studio Solution File, Format Version 12.00
# Visual Studio Version 16
VisualStudioVersion = 16.0.29911.84
MinimumVisualStudioVersion = 10.0.40219.1
Project("{FAE04EC0-301F-11D3-BF4B-00C04F79EFBC}") = "Connectingsql1", "Connectingsql1\Connectingsql1.csproj", "{D949F2BF-C00B-4CA2-AB06-45B333DE50E5}"
EndProject
Global
	GlobalSection(SolutionConfigurationPlatforms) = preSolution
		Debug|Any CPU = Debug|Any CPU
		Release|Any CPU = Release|Any CPU
	EndGlobalSection
	GlobalSection(ProjectConfigurationPlatforms) = postSolution
		{D949F2BF-C00B-4CA2-AB06-45B333DE50E5}.Debug|Any CPU.ActiveCfg = Debug|Any CPU
		{D949F2BF-C00B-4CA2-AB06-45B333DE50E5}.Debug|Any CPU.Build.0 = Debug|Any CPU
		{D949F2BF-C00B-4CA2-AB06-45B333DE50E5}.Release|Any CPU.ActiveCfg = Release|Any CPU
		{D949F2BF-C00B-4CA2-AB06-45B333DE50E5}.Release|Any CPU.Build.0 = Release|Any CPU
	EndGlobalSection
	GlobalSection(SolutionProperties) = preSolution
		HideSolutionNode = FALSE
	EndGlobalSection
	GlobalSection(ExtensibilityGlobals) = postSolution
		SolutionGuid = {32B01F4A-EABE-4016-AA6F-2F417A883FDE}
	EndGlobalSection
EndGlobal
