
Microsoft Visual Studio Solution File, Format Version 12.00
# Visual Studio Version 16
VisualStudioVersion = 16.0.30413.136
MinimumVisualStudioVersion = 10.0.40219.1
Project("{FAE04EC0-301F-11D3-BF4B-00C04F79EFBC}") = "q6", "q6\q6.csproj", "{BECFA447-2D05-4F9C-A201-6F6F65F2F8B4}"
EndProject
Global
	GlobalSection(SolutionConfigurationPlatforms) = preSolution
		Debug|Any CPU = Debug|Any CPU
		Release|Any CPU = Release|Any CPU
	EndGlobalSection
	GlobalSection(ProjectConfigurationPlatforms) = postSolution
		{BECFA447-2D05-4F9C-A201-6F6F65F2F8B4}.Debug|Any CPU.ActiveCfg = Debug|Any CPU
		{BECFA447-2D05-4F9C-A201-6F6F65F2F8B4}.Debug|Any CPU.Build.0 = Debug|Any CPU
		{BECFA447-2D05-4F9C-A201-6F6F65F2F8B4}.Release|Any CPU.ActiveCfg = Release|Any CPU
		{BECFA447-2D05-4F9C-A201-6F6F65F2F8B4}.Release|Any CPU.Build.0 = Release|Any CPU
	EndGlobalSection
	GlobalSection(SolutionProperties) = preSolution
		HideSolutionNode = FALSE
	EndGlobalSection
	GlobalSection(ExtensibilityGlobals) = postSolution
		SolutionGuid = {2FD7D2E9-CBAF-456E-90D7-09B5D5BBCB37}
	EndGlobalSection
EndGlobal
