
Microsoft Visual Studio Solution File, Format Version 12.00
# Visual Studio Version 16
VisualStudioVersion = 16.0.30413.136
MinimumVisualStudioVersion = 10.0.40219.1
Project("{FAE04EC0-301F-11D3-BF4B-00C04F79EFBC}") = "q1", "q1\q1.csproj", "{A5F02370-B537-4910-A6EA-AE30F8C4B93E}"
EndProject
Global
	GlobalSection(SolutionConfigurationPlatforms) = preSolution
		Debug|Any CPU = Debug|Any CPU
		Release|Any CPU = Release|Any CPU
	EndGlobalSection
	GlobalSection(ProjectConfigurationPlatforms) = postSolution
		{A5F02370-B537-4910-A6EA-AE30F8C4B93E}.Debug|Any CPU.ActiveCfg = Debug|Any CPU
		{A5F02370-B537-4910-A6EA-AE30F8C4B93E}.Debug|Any CPU.Build.0 = Debug|Any CPU
		{A5F02370-B537-4910-A6EA-AE30F8C4B93E}.Release|Any CPU.ActiveCfg = Release|Any CPU
		{A5F02370-B537-4910-A6EA-AE30F8C4B93E}.Release|Any CPU.Build.0 = Release|Any CPU
	EndGlobalSection
	GlobalSection(SolutionProperties) = preSolution
		HideSolutionNode = FALSE
	EndGlobalSection
	GlobalSection(ExtensibilityGlobals) = postSolution
		SolutionGuid = {819179B6-D1B1-43F7-928D-D8B54F01DE69}
	EndGlobalSection
EndGlobal
