
Microsoft Visual Studio Solution File, Format Version 12.00
# Visual Studio Version 16
VisualStudioVersion = 16.0.30413.136
MinimumVisualStudioVersion = 10.0.40219.1
Project("{FAE04EC0-301F-11D3-BF4B-00C04F79EFBC}") = "q3", "q3\q3.csproj", "{5AE2389A-1DCB-4AB1-ADEC-F588C2ED3398}"
EndProject
Global
	GlobalSection(SolutionConfigurationPlatforms) = preSolution
		Debug|Any CPU = Debug|Any CPU
		Release|Any CPU = Release|Any CPU
	EndGlobalSection
	GlobalSection(ProjectConfigurationPlatforms) = postSolution
		{5AE2389A-1DCB-4AB1-ADEC-F588C2ED3398}.Debug|Any CPU.ActiveCfg = Debug|Any CPU
		{5AE2389A-1DCB-4AB1-ADEC-F588C2ED3398}.Debug|Any CPU.Build.0 = Debug|Any CPU
		{5AE2389A-1DCB-4AB1-ADEC-F588C2ED3398}.Release|Any CPU.ActiveCfg = Release|Any CPU
		{5AE2389A-1DCB-4AB1-ADEC-F588C2ED3398}.Release|Any CPU.Build.0 = Release|Any CPU
	EndGlobalSection
	GlobalSection(SolutionProperties) = preSolution
		HideSolutionNode = FALSE
	EndGlobalSection
	GlobalSection(ExtensibilityGlobals) = postSolution
		SolutionGuid = {F938709B-9D72-4535-A0C2-681163DB62D1}
	EndGlobalSection
EndGlobal
