
Microsoft Visual Studio Solution File, Format Version 12.00
# Visual Studio Version 16
VisualStudioVersion = 16.0.30413.136
MinimumVisualStudioVersion = 10.0.40219.1
Project("{FAE04EC0-301F-11D3-BF4B-00C04F79EFBC}") = "q7", "q7\q7.csproj", "{DA451FF4-5D8B-4EA3-824E-A8248B1B7708}"
EndProject
Global
	GlobalSection(SolutionConfigurationPlatforms) = preSolution
		Debug|Any CPU = Debug|Any CPU
		Release|Any CPU = Release|Any CPU
	EndGlobalSection
	GlobalSection(ProjectConfigurationPlatforms) = postSolution
		{DA451FF4-5D8B-4EA3-824E-A8248B1B7708}.Debug|Any CPU.ActiveCfg = Debug|Any CPU
		{DA451FF4-5D8B-4EA3-824E-A8248B1B7708}.Debug|Any CPU.Build.0 = Debug|Any CPU
		{DA451FF4-5D8B-4EA3-824E-A8248B1B7708}.Release|Any CPU.ActiveCfg = Release|Any CPU
		{DA451FF4-5D8B-4EA3-824E-A8248B1B7708}.Release|Any CPU.Build.0 = Release|Any CPU
	EndGlobalSection
	GlobalSection(SolutionProperties) = preSolution
		HideSolutionNode = FALSE
	EndGlobalSection
	GlobalSection(ExtensibilityGlobals) = postSolution
		SolutionGuid = {0FCDD6C4-D577-4B8E-B682-A3FB2BF04FE8}
	EndGlobalSection
EndGlobal
