
Microsoft Visual Studio Solution File, Format Version 12.00
# Visual Studio Version 16
VisualStudioVersion = 16.0.30413.136
MinimumVisualStudioVersion = 10.0.40219.1
Project("{FAE04EC0-301F-11D3-BF4B-00C04F79EFBC}") = "q10", "q10\q10.csproj", "{7F126659-A528-4BC6-9236-305183DCF648}"
EndProject
Global
	GlobalSection(SolutionConfigurationPlatforms) = preSolution
		Debug|Any CPU = Debug|Any CPU
		Release|Any CPU = Release|Any CPU
	EndGlobalSection
	GlobalSection(ProjectConfigurationPlatforms) = postSolution
		{7F126659-A528-4BC6-9236-305183DCF648}.Debug|Any CPU.ActiveCfg = Debug|Any CPU
		{7F126659-A528-4BC6-9236-305183DCF648}.Debug|Any CPU.Build.0 = Debug|Any CPU
		{7F126659-A528-4BC6-9236-305183DCF648}.Release|Any CPU.ActiveCfg = Release|Any CPU
		{7F126659-A528-4BC6-9236-305183DCF648}.Release|Any CPU.Build.0 = Release|Any CPU
	EndGlobalSection
	GlobalSection(SolutionProperties) = preSolution
		HideSolutionNode = FALSE
	EndGlobalSection
	GlobalSection(ExtensibilityGlobals) = postSolution
		SolutionGuid = {5D093787-4BED-4F89-880A-95E5D7331002}
	EndGlobalSection
EndGlobal
