
Microsoft Visual Studio Solution File, Format Version 12.00
# Visual Studio Version 16
VisualStudioVersion = 16.0.29905.134
MinimumVisualStudioVersion = 10.0.40219.1
Project("{FAE04EC0-301F-11D3-BF4B-00C04F79EFBC}") = "InterestCalculator", "InterestCalculator\InterestCalculator.csproj", "{6B918B96-74A0-41EB-8CA0-97406A8ABA74}"
EndProject
Global
	GlobalSection(SolutionConfigurationPlatforms) = preSolution
		Debug|Any CPU = Debug|Any CPU
		Release|Any CPU = Release|Any CPU
	EndGlobalSection
	GlobalSection(ProjectConfigurationPlatforms) = postSolution
		{6B918B96-74A0-41EB-8CA0-97406A8ABA74}.Debug|Any CPU.ActiveCfg = Debug|Any CPU
		{6B918B96-74A0-41EB-8CA0-97406A8ABA74}.Debug|Any CPU.Build.0 = Debug|Any CPU
		{6B918B96-74A0-41EB-8CA0-97406A8ABA74}.Release|Any CPU.ActiveCfg = Release|Any CPU
		{6B918B96-74A0-41EB-8CA0-97406A8ABA74}.Release|Any CPU.Build.0 = Release|Any CPU
	EndGlobalSection
	GlobalSection(SolutionProperties) = preSolution
		HideSolutionNode = FALSE
	EndGlobalSection
	GlobalSection(ExtensibilityGlobals) = postSolution
		SolutionGuid = {18063A58-5CD1-41F5-BC87-3DAE9B10A5E1}
	EndGlobalSection
EndGlobal
