
Microsoft Visual Studio Solution File, Format Version 12.00
# Visual Studio Version 16
VisualStudioVersion = 16.0.30413.136
MinimumVisualStudioVersion = 10.0.40219.1
Project("{FAE04EC0-301F-11D3-BF4B-00C04F79EFBC}") = "q1", "q1\q1.csproj", "{ADD4891A-27E8-416F-917F-E6988EBA7B35}"
EndProject
Global
	GlobalSection(SolutionConfigurationPlatforms) = preSolution
		Debug|Any CPU = Debug|Any CPU
		Release|Any CPU = Release|Any CPU
	EndGlobalSection
	GlobalSection(ProjectConfigurationPlatforms) = postSolution
		{ADD4891A-27E8-416F-917F-E6988EBA7B35}.Debug|Any CPU.ActiveCfg = Debug|Any CPU
		{ADD4891A-27E8-416F-917F-E6988EBA7B35}.Debug|Any CPU.Build.0 = Debug|Any CPU
		{ADD4891A-27E8-416F-917F-E6988EBA7B35}.Release|Any CPU.ActiveCfg = Release|Any CPU
		{ADD4891A-27E8-416F-917F-E6988EBA7B35}.Release|Any CPU.Build.0 = Release|Any CPU
	EndGlobalSection
	GlobalSection(SolutionProperties) = preSolution
		HideSolutionNode = FALSE
	EndGlobalSection
	GlobalSection(ExtensibilityGlobals) = postSolution
		SolutionGuid = {D77E1D99-1383-4BB4-8C5C-29E4E546994E}
	EndGlobalSection
EndGlobal
