
Microsoft Visual Studio Solution File, Format Version 12.00
# Visual Studio Version 16
VisualStudioVersion = 16.0.29911.84
MinimumVisualStudioVersion = 10.0.40219.1
Project("{FAE04EC0-301F-11D3-BF4B-00C04F79EFBC}") = "Connectingsql2", "Connectingsql2\Connectingsql2.csproj", "{3DA0342C-6E53-4D42-9DAC-0EB73C734AC8}"
EndProject
Global
	GlobalSection(SolutionConfigurationPlatforms) = preSolution
		Debug|Any CPU = Debug|Any CPU
		Release|Any CPU = Release|Any CPU
	EndGlobalSection
	GlobalSection(ProjectConfigurationPlatforms) = postSolution
		{3DA0342C-6E53-4D42-9DAC-0EB73C734AC8}.Debug|Any CPU.ActiveCfg = Debug|Any CPU
		{3DA0342C-6E53-4D42-9DAC-0EB73C734AC8}.Debug|Any CPU.Build.0 = Debug|Any CPU
		{3DA0342C-6E53-4D42-9DAC-0EB73C734AC8}.Release|Any CPU.ActiveCfg = Release|Any CPU
		{3DA0342C-6E53-4D42-9DAC-0EB73C734AC8}.Release|Any CPU.Build.0 = Release|Any CPU
	EndGlobalSection
	GlobalSection(SolutionProperties) = preSolution
		HideSolutionNode = FALSE
	EndGlobalSection
	GlobalSection(ExtensibilityGlobals) = postSolution
		SolutionGuid = {621630BB-F2D9-4180-B09D-06AE052A84F1}
	EndGlobalSection
EndGlobal
