
Microsoft Visual Studio Solution File, Format Version 12.00
# Visual Studio Version 16
VisualStudioVersion = 16.0.30413.136
MinimumVisualStudioVersion = 10.0.40219.1
Project("{FAE04EC0-301F-11D3-BF4B-00C04F79EFBC}") = "q13", "q13\q13.csproj", "{09732BDA-BCD1-45EA-9D5F-B72167ECA904}"
EndProject
Global
	GlobalSection(SolutionConfigurationPlatforms) = preSolution
		Debug|Any CPU = Debug|Any CPU
		Release|Any CPU = Release|Any CPU
	EndGlobalSection
	GlobalSection(ProjectConfigurationPlatforms) = postSolution
		{09732BDA-BCD1-45EA-9D5F-B72167ECA904}.Debug|Any CPU.ActiveCfg = Debug|Any CPU
		{09732BDA-BCD1-45EA-9D5F-B72167ECA904}.Debug|Any CPU.Build.0 = Debug|Any CPU
		{09732BDA-BCD1-45EA-9D5F-B72167ECA904}.Release|Any CPU.ActiveCfg = Release|Any CPU
		{09732BDA-BCD1-45EA-9D5F-B72167ECA904}.Release|Any CPU.Build.0 = Release|Any CPU
	EndGlobalSection
	GlobalSection(SolutionProperties) = preSolution
		HideSolutionNode = FALSE
	EndGlobalSection
	GlobalSection(ExtensibilityGlobals) = postSolution
		SolutionGuid = {35F9BF04-1924-4191-8495-3F188F49C279}
	EndGlobalSection
EndGlobal
