
Microsoft Visual Studio Solution File, Format Version 12.00
# Visual Studio Version 16
VisualStudioVersion = 16.0.30413.136
MinimumVisualStudioVersion = 10.0.40219.1
Project("{FAE04EC0-301F-11D3-BF4B-00C04F79EFBC}") = "q8", "q8\q8.csproj", "{A394CD05-43EA-4187-911D-EE8CCBDB82A8}"
EndProject
Global
	GlobalSection(SolutionConfigurationPlatforms) = preSolution
		Debug|Any CPU = Debug|Any CPU
		Release|Any CPU = Release|Any CPU
	EndGlobalSection
	GlobalSection(ProjectConfigurationPlatforms) = postSolution
		{A394CD05-43EA-4187-911D-EE8CCBDB82A8}.Debug|Any CPU.ActiveCfg = Debug|Any CPU
		{A394CD05-43EA-4187-911D-EE8CCBDB82A8}.Debug|Any CPU.Build.0 = Debug|Any CPU
		{A394CD05-43EA-4187-911D-EE8CCBDB82A8}.Release|Any CPU.ActiveCfg = Release|Any CPU
		{A394CD05-43EA-4187-911D-EE8CCBDB82A8}.Release|Any CPU.Build.0 = Release|Any CPU
	EndGlobalSection
	GlobalSection(SolutionProperties) = preSolution
		HideSolutionNode = FALSE
	EndGlobalSection
	GlobalSection(ExtensibilityGlobals) = postSolution
		SolutionGuid = {0B778654-777D-4C7C-B17E-08BD231AC4EB}
	EndGlobalSection
EndGlobal
