
Microsoft Visual Studio Solution File, Format Version 12.00
# Visual Studio Version 16
VisualStudioVersion = 16.0.30413.136
MinimumVisualStudioVersion = 10.0.40219.1
Project("{FAE04EC0-301F-11D3-BF4B-00C04F79EFBC}") = "q4", "q4\q4.csproj", "{4D743D85-7481-48B9-A4D2-1C48BCE30CA2}"
EndProject
Global
	GlobalSection(SolutionConfigurationPlatforms) = preSolution
		Debug|Any CPU = Debug|Any CPU
		Release|Any CPU = Release|Any CPU
	EndGlobalSection
	GlobalSection(ProjectConfigurationPlatforms) = postSolution
		{4D743D85-7481-48B9-A4D2-1C48BCE30CA2}.Debug|Any CPU.ActiveCfg = Debug|Any CPU
		{4D743D85-7481-48B9-A4D2-1C48BCE30CA2}.Debug|Any CPU.Build.0 = Debug|Any CPU
		{4D743D85-7481-48B9-A4D2-1C48BCE30CA2}.Release|Any CPU.ActiveCfg = Release|Any CPU
		{4D743D85-7481-48B9-A4D2-1C48BCE30CA2}.Release|Any CPU.Build.0 = Release|Any CPU
	EndGlobalSection
	GlobalSection(SolutionProperties) = preSolution
		HideSolutionNode = FALSE
	EndGlobalSection
	GlobalSection(ExtensibilityGlobals) = postSolution
		SolutionGuid = {636EED86-4039-47FD-BCA8-D9590AB7F345}
	EndGlobalSection
EndGlobal
